
Microsoft Visual Studio Solution File, Format Version 12.00
# Visual Studio 14
VisualStudioVersion = 14.0.25420.1
MinimumVisualStudioVersion = 10.0.40219.1
Project("{D954291E-2A0B-460D-934E-DC6B0785DB48}") = "MyTunes.Shared", "MyTunes.Shared.shproj", "{949FC584-EB2F-439F-BA63-90FA5FED70F8}"
EndProject
Global
	GlobalSection(SharedMSBuildProjectFiles) = preSolution
		MyTunes.Shared.projitems*{949fc584-eb2f-439f-ba63-90fa5fed70f8}*SharedItemsImports = 13
	EndGlobalSection
	GlobalSection(SolutionProperties) = preSolution
		HideSolutionNode = FALSE
	EndGlobalSection
EndGlobal
